// !$*UTF8*$!
{
	archiveVersion = 1;
	classes = {
	};
	objectVersion = 55;
	objects = {

/* Begin PBXBuildFile section */
		A9FB480B26945E2500F37FEE /* SunriseSunsetSwiftExample_macOSApp.swift in Sources */ = {isa = PBXBuildFile; fileRef = A9FB480A26945E2500F37FEE /* SunriseSunsetSwiftExample_macOSApp.swift */; };
		A9FB480D26945E2500F37FEE /* ContentView.swift in Sources */ = {isa = PBXBuildFile; fileRef = A9FB480C26945E2500F37FEE /* ContentView.swift */; };
		A9FB480F26945E2600F37FEE /* Assets.xcassets in Resources */ = {isa = PBXBuildFile; fileRef = A9FB480E26945E2600F37FEE /* Assets.xcassets */; };
		A9FB481226945E2600F37FEE /* Preview Assets.xcassets in Resources */ = {isa = PBXBuildFile; fileRef = A9FB481126945E2600F37FEE /* Preview Assets.xcassets */; };
		A9FB481926945ED400F37FEE /* ContentViewModel.swift in Sources */ = {isa = PBXBuildFile; fileRef = A9FB481826945ED400F37FEE /* ContentViewModel.swift */; };
		A9FB482126945FF900F37FEE /* SunriseSunset in Frameworks */ = {isa = PBXBuildFile; productRef = A9FB482026945FF900F37FEE /* SunriseSunset */; };
/* End PBXBuildFile section */

/* Begin PBXFileReference section */
		A9FB480726945E2500F37FEE /* SunriseSunsetSwiftExample.macOS.app */ = {isa = PBXFileReference; explicitFileType = wrapper.application; includeInIndex = 0; path = SunriseSunsetSwiftExample.macOS.app; sourceTree = BUILT_PRODUCTS_DIR; };
		A9FB480A26945E2500F37FEE /* SunriseSunsetSwiftExample_macOSApp.swift */ = {isa = PBXFileReference; lastKnownFileType = sourcecode.swift; path = SunriseSunsetSwiftExample_macOSApp.swift; sourceTree = "<group>"; };
		A9FB480C26945E2500F37FEE /* ContentView.swift */ = {isa = PBXFileReference; lastKnownFileType = sourcecode.swift; path = ContentView.swift; sourceTree = "<group>"; };
		A9FB480E26945E2600F37FEE /* Assets.xcassets */ = {isa = PBXFileReference; lastKnownFileType = folder.assetcatalog; path = Assets.xcassets; sourceTree = "<group>"; };
		A9FB481126945E2600F37FEE /* Preview Assets.xcassets */ = {isa = PBXFileReference; lastKnownFileType = folder.assetcatalog; path = "Preview Assets.xcassets"; sourceTree = "<group>"; };
		A9FB481826945ED400F37FEE /* ContentViewModel.swift */ = {isa = PBXFileReference; fileEncoding = 4; lastKnownFileType = sourcecode.swift; path = ContentViewModel.swift; sourceTree = "<group>"; };
		A9FB481F26945FD000F37FEE /* SunriseSunsetSwift */ = {isa = PBXFileReference; lastKnownFileType = folder; name = SunriseSunsetSwift; path = ..; sourceTree = "<group>"; };
/* End PBXFileReference section */

/* Begin PBXFrameworksBuildPhase section */
		A9FB480426945E2500F37FEE /* Frameworks */ = {
			isa = PBXFrameworksBuildPhase;
			buildActionMask = 2147483647;
			files = (
				A9FB482126945FF900F37FEE /* SunriseSunset in Frameworks */,
			);
			runOnlyForDeploymentPostprocessing = 0;
		};
/* End PBXFrameworksBuildPhase section */

/* Begin PBXGroup section */
		A9FB47FE26945E2500F37FEE = {
			isa = PBXGroup;
			children = (
				A9FB481E26945FD000F37FEE /* Packages */,
				A9FB480926945E2500F37FEE /* SunriseSunsetSwiftExample.macOS */,
				A9FB480826945E2500F37FEE /* Products */,
				A9FB481B26945EF300F37FEE /* Frameworks */,
			);
			sourceTree = "<group>";
		};
		A9FB480826945E2500F37FEE /* Products */ = {
			isa = PBXGroup;
			children = (
				A9FB480726945E2500F37FEE /* SunriseSunsetSwiftExample.macOS.app */,
			);
			name = Products;
			sourceTree = "<group>";
		};
		A9FB480926945E2500F37FEE /* SunriseSunsetSwiftExample.macOS */ = {
			isa = PBXGroup;
			children = (
				A9FB480A26945E2500F37FEE /* SunriseSunsetSwiftExample_macOSApp.swift */,
				A9FB480C26945E2500F37FEE /* ContentView.swift */,
				A9FB481826945ED400F37FEE /* ContentViewModel.swift */,
				A9FB480E26945E2600F37FEE /* Assets.xcassets */,
				A9FB481026945E2600F37FEE /* Preview Content */,
			);
			path = SunriseSunsetSwiftExample.macOS;
			sourceTree = "<group>";
		};
		A9FB481026945E2600F37FEE /* Preview Content */ = {
			isa = PBXGroup;
			children = (
				A9FB481126945E2600F37FEE /* Preview Assets.xcassets */,
			);
			path = "Preview Content";
			sourceTree = "<group>";
		};
		A9FB481B26945EF300F37FEE /* Frameworks */ = {
			isa = PBXGroup;
			children = (
			);
			name = Frameworks;
			sourceTree = "<group>";
		};
		A9FB481E26945FD000F37FEE /* Packages */ = {
			isa = PBXGroup;
			children = (
				A9FB481F26945FD000F37FEE /* SunriseSunsetSwift */,
			);
			name = Packages;
			sourceTree = "<group>";
		};
/* End PBXGroup section */

/* Begin PBXNativeTarget section */
		A9FB480626945E2500F37FEE /* SunriseSunsetSwiftExample.macOS */ = {
			isa = PBXNativeTarget;
			buildConfigurationList = A9FB481526945E2600F37FEE /* Build configuration list for PBXNativeTarget "SunriseSunsetSwiftExample.macOS" */;
			buildPhases = (
				A9FB480326945E2500F37FEE /* Sources */,
				A9FB480426945E2500F37FEE /* Frameworks */,
				A9FB480526945E2500F37FEE /* Resources */,
			);
			buildRules = (
			);
			dependencies = (
			);
			name = SunriseSunsetSwiftExample.macOS;
			packageProductDependencies = (
				A9FB482026945FF900F37FEE /* SunriseSunset */,
			);
			productName = SunriseSunsetSwiftExample.macOS;
			productReference = A9FB480726945E2500F37FEE /* SunriseSunsetSwiftExample.macOS.app */;
			productType = "com.apple.product-type.application";
		};
/* End PBXNativeTarget section */

/* Begin PBXProject section */
		A9FB47FF26945E2500F37FEE /* Project object */ = {
			isa = PBXProject;
			attributes = {
				BuildIndependentTargetsInParallel = 1;
				LastSwiftUpdateCheck = 1300;
				LastUpgradeCheck = 1300;
				TargetAttributes = {
					A9FB480626945E2500F37FEE = {
						CreatedOnToolsVersion = 13.0;
					};
				};
			};
			buildConfigurationList = A9FB480226945E2500F37FEE /* Build configuration list for PBXProject "SunriseSunsetSwiftExample.macOS" */;
			compatibilityVersion = "Xcode 13.0";
			developmentRegion = en;
			hasScannedForEncodings = 0;
			knownRegions = (
				en,
				Base,
			);
			mainGroup = A9FB47FE26945E2500F37FEE;
			productRefGroup = A9FB480826945E2500F37FEE /* Products */;
			projectDirPath = "";
			projectRoot = "";
			targets = (
				A9FB480626945E2500F37FEE /* SunriseSunsetSwiftExample.macOS */,
			);
		};
/* End PBXProject section */

/* Begin PBXResourcesBuildPhase section */
		A9FB480526945E2500F37FEE /* Resources */ = {
			isa = PBXResourcesBuildPhase;
			buildActionMask = 2147483647;
			files = (
				A9FB481226945E2600F37FEE /* Preview Assets.xcassets in Resources */,
				A9FB480F26945E2600F37FEE /* Assets.xcassets in Resources */,
			);
			runOnlyForDeploymentPostprocessing = 0;
		};
/* End PBXResourcesBuildPhase section */

/* Begin PBXSourcesBuildPhase section */
		A9FB480326945E2500F37FEE /* Sources */ = {
			isa = PBXSourcesBuildPhase;
			buildActionMask = 2147483647;
			files = (
				A9FB480D26945E2500F37FEE /* ContentView.swift in Sources */,
				A9FB480B26945E2500F37FEE /* SunriseSunsetSwiftExample_macOSApp.swift in Sources */,
				A9FB481926945ED400F37FEE /* ContentViewModel.swift in Sources */,
			);
			runOnlyForDeploymentPostprocessing = 0;
		};
/* End PBXSourcesBuildPhase section */

/* Begin XCBuildConfiguration section */
		A9FB481326945E2600F37FEE /* Debug */ = {
			isa = XCBuildConfiguration;
			buildSettings = {
				ALWAYS_SEARCH_USER_PATHS = NO;
				CLANG_ANALYZER_NONNULL = YES;
				CLANG_ANALYZER_NUMBER_OBJECT_CONVERSION = YES_AGGRESSIVE;
				CLANG_CXX_LANGUAGE_STANDARD = "gnu++14";
				CLANG_CXX_LIBRARY = "libc++";
				CLANG_ENABLE_MODULES = YES;
				CLANG_ENABLE_OBJC_ARC = YES;
				CLANG_ENABLE_OBJC_WEAK = YES;
				CLANG_WARN_BLOCK_CAPTURE_AUTORELEASING = YES;
				CLANG_WARN_BOOL_CONVERSION = YES;
				CLANG_WARN_COMMA = YES;
				CLANG_WARN_CONSTANT_CONVERSION = YES;
				CLANG_WARN_DEPRECATED_OBJC_IMPLEMENTATIONS = YES;
				CLANG_WARN_DIRECT_OBJC_ISA_USAGE = YES_ERROR;
				CLANG_WARN_DOCUMENTATION_COMMENTS = YES;
				CLANG_WARN_EMPTY_BODY = YES;
				CLANG_WARN_ENUM_CONVERSION = YES;
				CLANG_WARN_INFINITE_RECURSION = YES;
				CLANG_WARN_INT_CONVERSION = YES;
				CLANG_WARN_NON_LITERAL_NULL_CONVERSION = YES;
				CLANG_WARN_OBJC_IMPLICIT_RETAIN_SELF = YES;
				CLANG_WARN_OBJC_LITERAL_CONVERSION = YES;
				CLANG_WARN_OBJC_ROOT_CLASS = YES_ERROR;
				CLANG_WARN_QUOTED_INCLUDE_IN_FRAMEWORK_HEADER = YES;
				CLANG_WARN_RANGE_LOOP_ANALYSIS = YES;
				CLANG_WARN_STRICT_PROTOTYPES = YES;
				CLANG_WARN_SUSPICIOUS_MOVE = YES;
				CLANG_WARN_UNGUARDED_AVAILABILITY = YES_AGGRESSIVE;
				CLANG_WARN_UNREACHABLE_CODE = YES;
				CLANG_WARN__DUPLICATE_METHOD_MATCH = YES;
				COPY_PHASE_STRIP = NO;
				DEBUG_INFORMATION_FORMAT = dwarf;
				ENABLE_STRICT_OBJC_MSGSEND = YES;
				ENABLE_TESTABILITY = YES;
				GCC_C_LANGUAGE_STANDARD = gnu11;
				GCC_DYNAMIC_NO_PIC = NO;
				GCC_NO_COMMON_BLOCKS = YES;
				GCC_OPTIMIZATION_LEVEL = 0;
				GCC_PREPROCESSOR_DEFINITIONS = (
					"DEBUG=1",
					"$(inherited)",
				);
				GCC_WARN_64_TO_32_BIT_CONVERSION = YES;
				GCC_WARN_ABOUT_RETURN_TYPE = YES_ERROR;
				GCC_WARN_UNDECLARED_SELECTOR = YES;
				GCC_WARN_UNINITIALIZED_AUTOS = YES_AGGRESSIVE;
				GCC_WARN_UNUSED_FUNCTION = YES;
				GCC_WARN_UNUSED_VARIABLE = YES;
				MACOSX_DEPLOYMENT_TARGET = 12.0;
				MTL_ENABLE_DEBUG_INFO = INCLUDE_SOURCE;
				MTL_FAST_MATH = YES;
				ONLY_ACTIVE_ARCH = YES;
				SDKROOT = macosx;
				SWIFT_ACTIVE_COMPILATION_CONDITIONS = DEBUG;
				SWIFT_OPTIMIZATION_LEVEL = "-Onone";
			};
			name = Debug;
		};
		A9FB481426945E2600F37FEE /* Release */ = {
			isa = XCBuildConfiguration;
			buildSettings = {
				ALWAYS_SEARCH_USER_PATHS = NO;
				CLANG_ANALYZER_NONNULL = YES;
				CLANG_ANALYZER_NUMBER_OBJECT_CONVERSION = YES_AGGRESSIVE;
				CLANG_CXX_LANGUAGE_STANDARD = "gnu++14";
				CLANG_CXX_LIBRARY = "libc++";
				CLANG_ENABLE_MODULES = YES;
				CLANG_ENABLE_OBJC_ARC = YES;
				CLANG_ENABLE_OBJC_WEAK = YES;
				CLANG_WARN_BLOCK_CAPTURE_AUTORELEASING = YES;
				CLANG_WARN_BOOL_CONVERSION = YES;
				CLANG_WARN_COMMA = YES;
				CLANG_WARN_CONSTANT_CONVERSION = YES;
				CLANG_WARN_DEPRECATED_OBJC_IMPLEMENTATIONS = YES;
				CLANG_WARN_DIRECT_OBJC_ISA_USAGE = YES_ERROR;
				CLANG_WARN_DOCUMENTATION_COMMENTS = YES;
				CLANG_WARN_EMPTY_BODY = YES;
				CLANG_WARN_ENUM_CONVERSION = YES;
				CLANG_WARN_INFINITE_RECURSION = YES;
				CLANG_WARN_INT_CONVERSION = YES;
				CLANG_WARN_NON_LITERAL_NULL_CONVERSION = YES;
				CLANG_WARN_OBJC_IMPLICIT_RETAIN_SELF = YES;
				CLANG_WARN_OBJC_LITERAL_CONVERSION = YES;
				CLANG_WARN_OBJC_ROOT_CLASS = YES_ERROR;
				CLANG_WARN_QUOTED_INCLUDE_IN_FRAMEWORK_HEADER = YES;
				CLANG_WARN_RANGE_LOOP_ANALYSIS = YES;
				CLANG_WARN_STRICT_PROTOTYPES = YES;
				CLANG_WARN_SUSPICIOUS_MOVE = YES;
				CLANG_WARN_UNGUARDED_AVAILABILITY = YES_AGGRESSIVE;
				CLANG_WARN_UNREACHABLE_CODE = YES;
				CLANG_WARN__DUPLICATE_METHOD_MATCH = YES;
				COPY_PHASE_STRIP = NO;
				DEBUG_INFORMATION_FORMAT = "dwarf-with-dsym";
				ENABLE_NS_ASSERTIONS = NO;
				ENABLE_STRICT_OBJC_MSGSEND = YES;
				GCC_C_LANGUAGE_STANDARD = gnu11;
				GCC_NO_COMMON_BLOCKS = YES;
				GCC_WARN_64_TO_32_BIT_CONVERSION = YES;
				GCC_WARN_ABOUT_RETURN_TYPE = YES_ERROR;
				GCC_WARN_UNDECLARED_SELECTOR = YES;
				GCC_WARN_UNINITIALIZED_AUTOS = YES_AGGRESSIVE;
				GCC_WARN_UNUSED_FUNCTION = YES;
				GCC_WARN_UNUSED_VARIABLE = YES;
				MACOSX_DEPLOYMENT_TARGET = 12.0;
				MTL_ENABLE_DEBUG_INFO = NO;
				MTL_FAST_MATH = YES;
				SDKROOT = macosx;
				SWIFT_COMPILATION_MODE = wholemodule;
				SWIFT_OPTIMIZATION_LEVEL = "-O";
			};
			name = Release;
		};
		A9FB481626945E2600F37FEE /* Debug */ = {
			isa = XCBuildConfiguration;
			buildSettings = {
				ASSETCATALOG_COMPILER_APPICON_NAME = AppIcon;
				ASSETCATALOG_COMPILER_GLOBAL_ACCENT_COLOR_NAME = AccentColor;
				CODE_SIGN_STYLE = Automatic;
				COMBINE_HIDPI_IMAGES = YES;
				CURRENT_PROJECT_VERSION = 1;
				DEVELOPMENT_ASSET_PATHS = "\"SunriseSunsetSwiftExample.macOS/Preview Content\"";
				DEVELOPMENT_TEAM = FUNW4GUS24;
				ENABLE_APP_SANDBOX = YES;
				ENABLE_HARDENED_RUNTIME = YES;
				ENABLE_PREVIEWS = YES;
				ENABLE_TESTING_SEARCH_PATHS = YES;
				ENABLE_USER_SELECTED_FILES = readonly;
				GENERATE_INFOPLIST_FILE = YES;
				INFOPLIST_KEY_NSHumanReadableCopyright = "";
				LD_RUNPATH_SEARCH_PATHS = (
					"$(inherited)",
					"@executable_path/../Frameworks",
				);
				MACOSX_DEPLOYMENT_TARGET = 12.0;
				MARKETING_VERSION = 1.0;
				PRODUCT_BUNDLE_IDENTIFIER = "com.spearware.SunriseSunsetSwiftExample-macOS";
				PRODUCT_NAME = "$(TARGET_NAME)";
				SWIFT_EMIT_LOC_STRINGS = YES;
				SWIFT_VERSION = 5.0;
			};
			name = Debug;
		};
		A9FB481726945E2600F37FEE /* Release */ = {
			isa = XCBuildConfiguration;
			buildSettings = {
				ASSETCATALOG_COMPILER_APPICON_NAME = AppIcon;
				ASSETCATALOG_COMPILER_GLOBAL_ACCENT_COLOR_NAME = AccentColor;
				CODE_SIGN_STYLE = Automatic;
				COMBINE_HIDPI_IMAGES = YES;
				CURRENT_PROJECT_VERSION = 1;
				DEVELOPMENT_ASSET_PATHS = "\"SunriseSunsetSwiftExample.macOS/Preview Content\"";
				DEVELOPMENT_TEAM = FUNW4GUS24;
				ENABLE_APP_SANDBOX = YES;
				ENABLE_HARDENED_RUNTIME = YES;
				ENABLE_PREVIEWS = YES;
				ENABLE_TESTING_SEARCH_PATHS = YES;
				ENABLE_USER_SELECTED_FILES = readonly;
				GENERATE_INFOPLIST_FILE = YES;
				INFOPLIST_KEY_NSHumanReadableCopyright = "";
				LD_RUNPATH_SEARCH_PATHS = (
					"$(inherited)",
					"@executable_path/../Frameworks",
				);
				MACOSX_DEPLOYMENT_TARGET = 12.0;
				MARKETING_VERSION = 1.0;
				PRODUCT_BUNDLE_IDENTIFIER = "com.spearware.SunriseSunsetSwiftExample-macOS";
				PRODUCT_NAME = "$(TARGET_NAME)";
				SWIFT_EMIT_LOC_STRINGS = YES;
				SWIFT_VERSION = 5.0;
			};
			name = Release;
		};
/* End XCBuildConfiguration section */

/* Begin XCConfigurationList section */
		A9FB480226945E2500F37FEE /* Build configuration list for PBXProject "SunriseSunsetSwiftExample.macOS" */ = {
			isa = XCConfigurationList;
			buildConfigurations = (
				A9FB481326945E2600F37FEE /* Debug */,
				A9FB481426945E2600F37FEE /* Release */,
			);
			defaultConfigurationIsVisible = 0;
			defaultConfigurationName = Release;
		};
		A9FB481526945E2600F37FEE /* Build configuration list for PBXNativeTarget "SunriseSunsetSwiftExample.macOS" */ = {
			isa = XCConfigurationList;
			buildConfigurations = (
				A9FB481626945E2600F37FEE /* Debug */,
				A9FB481726945E2600F37FEE /* Release */,
			);
			defaultConfigurationIsVisible = 0;
			defaultConfigurationName = Release;
		};
/* End XCConfigurationList section */

/* Begin XCSwiftPackageProductDependency section */
		A9FB482026945FF900F37FEE /* SunriseSunset */ = {
			isa = XCSwiftPackageProductDependency;
			productName = SunriseSunset;
		};
/* End XCSwiftPackageProductDependency section */
	};
	rootObject = A9FB47FF26945E2500F37FEE /* Project object */;
}
